// !$*UTF8*$!
{
	archiveVersion = 1;
	classes = {
	};
	objectVersion = 50;
	objects = {

/* Begin PBXBuildFile section */
		335BBE7E2639580C003080DA /* AppDelegate.swift in Sources */ = {isa = PBXBuildFile; fileRef = 335BBE7D2639580C003080DA /* AppDelegate.swift */; };
		335BBE802639580C003080DA /* SceneDelegate.swift in Sources */ = {isa = PBXBuildFile; fileRef = 335BBE7F2639580C003080DA /* SceneDelegate.swift */; };
		335BBE822639580C003080DA /* ViewController.swift in Sources */ = {isa = PBXBuildFile; fileRef = 335BBE812639580C003080DA /* ViewController.swift */; };
		335BBE852639580C003080DA /* Main.storyboard in Resources */ = {isa = PBXBuildFile; fileRef = 335BBE832639580C003080DA /* Main.storyboard */; };
		335BBE872639580D003080DA /* Assets.xcassets in Resources */ = {isa = PBXBuildFile; fileRef = 335BBE862639580D003080DA /* Assets.xcassets */; };
		335BBE8A2639580D003080DA /* LaunchScreen.storyboard in Resources */ = {isa = PBXBuildFile; fileRef = 335BBE882639580D003080DA /* LaunchScreen.storyboard */; };
		3369FFC82645697F00BD8FF8 /* navigationFirstVC.swift in Sources */ = {isa = PBXBuildFile; fileRef = 3369FFC72645697F00BD8FF8 /* navigationFirstVC.swift */; };
		3369FFCB264569C800BD8FF8 /* NavigationSecondVC.swift in Sources */ = {isa = PBXBuildFile; fileRef = 3369FFCA264569C800BD8FF8 /* NavigationSecondVC.swift */; };
/* End PBXBuildFile section */

/* Begin PBXFileReference section */
		335BBE7A2639580C003080DA /* Week3.app */ = {isa = PBXFileReference; explicitFileType = wrapper.application; includeInIndex = 0; path = Week3.app; sourceTree = BUILT_PRODUCTS_DIR; };
		335BBE7D2639580C003080DA /* AppDelegate.swift */ = {isa = PBXFileReference; lastKnownFileType = sourcecode.swift; path = AppDelegate.swift; sourceTree = "<group>"; };
		335BBE7F2639580C003080DA /* SceneDelegate.swift */ = {isa = PBXFileReference; lastKnownFileType = sourcecode.swift; path = SceneDelegate.swift; sourceTree = "<group>"; };
		335BBE812639580C003080DA /* ViewController.swift */ = {isa = PBXFileReference; lastKnownFileType = sourcecode.swift; path = ViewController.swift; sourceTree = "<group>"; };
		335BBE842639580C003080DA /* Base */ = {isa = PBXFileReference; lastKnownFileType = file.storyboard; name = Base; path = Base.lproj/Main.storyboard; sourceTree = "<group>"; };
		335BBE862639580D003080DA /* Assets.xcassets */ = {isa = PBXFileReference; lastKnownFileType = folder.assetcatalog; path = Assets.xcassets; sourceTree = "<group>"; };
		335BBE892639580D003080DA /* Base */ = {isa = PBXFileReference; lastKnownFileType = file.storyboard; name = Base; path = Base.lproj/LaunchScreen.storyboard; sourceTree = "<group>"; };
		335BBE8B2639580D003080DA /* Info.plist */ = {isa = PBXFileReference; lastKnownFileType = text.plist.xml; path = Info.plist; sourceTree = "<group>"; };
		3369FFC72645697F00BD8FF8 /* navigationFirstVC.swift */ = {isa = PBXFileReference; lastKnownFileType = sourcecode.swift; path = navigationFirstVC.swift; sourceTree = "<group>"; };
		3369FFCA264569C800BD8FF8 /* NavigationSecondVC.swift */ = {isa = PBXFileReference; lastKnownFileType = sourcecode.swift; path = NavigationSecondVC.swift; sourceTree = "<group>"; };
/* End PBXFileReference section */

/* Begin PBXFrameworksBuildPhase section */
		335BBE772639580C003080DA /* Frameworks */ = {
			isa = PBXFrameworksBuildPhase;
			buildActionMask = 2147483647;
			files = (
			);
			runOnlyForDeploymentPostprocessing = 0;
		};
/* End PBXFrameworksBuildPhase section */

/* Begin PBXGroup section */
		335BBE712639580C003080DA = {
			isa = PBXGroup;
			children = (
				335BBE7C2639580C003080DA /* Week3 */,
				335BBE7B2639580C003080DA /* Products */,
			);
			sourceTree = "<group>";
		};
		335BBE7B2639580C003080DA /* Products */ = {
			isa = PBXGroup;
			children = (
				335BBE7A2639580C003080DA /* Week3.app */,
			);
			name = Products;
			sourceTree = "<group>";
		};
		335BBE7C2639580C003080DA /* Week3 */ = {
			isa = PBXGroup;
			children = (
				335BBE7D2639580C003080DA /* AppDelegate.swift */,
				335BBE7F2639580C003080DA /* SceneDelegate.swift */,
				335BBE812639580C003080DA /* ViewController.swift */,
				335BBE832639580C003080DA /* Main.storyboard */,
				335BBE862639580D003080DA /* Assets.xcassets */,
				335BBE882639580D003080DA /* LaunchScreen.storyboard */,
				335BBE8B2639580D003080DA /* Info.plist */,
				3369FFC72645697F00BD8FF8 /* navigationFirstVC.swift */,
				3369FFCA264569C800BD8FF8 /* NavigationSecondVC.swift */,
			);
			path = Week3;
			sourceTree = "<group>";
		};
/* End PBXGroup section */

/* Begin PBXNativeTarget section */
		335BBE792639580C003080DA /* Week3 */ = {
			isa = PBXNativeTarget;
			buildConfigurationList = 335BBE8E2639580D003080DA /* Build configuration list for PBXNativeTarget "Week3" */;
			buildPhases = (
				335BBE762639580C003080DA /* Sources */,
				335BBE772639580C003080DA /* Frameworks */,
				335BBE782639580C003080DA /* Resources */,
			);
			buildRules = (
			);
			dependencies = (
			);
			name = Week3;
			productName = Week3;
			productReference = 335BBE7A2639580C003080DA /* Week3.app */;
			productType = "com.apple.product-type.application";
		};
/* End PBXNativeTarget section */

/* Begin PBXProject section */
		335BBE722639580C003080DA /* Project object */ = {
			isa = PBXProject;
			attributes = {
				LastSwiftUpdateCheck = 1240;
				LastUpgradeCheck = 1240;
				TargetAttributes = {
					335BBE792639580C003080DA = {
						CreatedOnToolsVersion = 12.4;
					};
				};
			};
			buildConfigurationList = 335BBE752639580C003080DA /* Build configuration list for PBXProject "Week3" */;
			compatibilityVersion = "Xcode 9.3";
			developmentRegion = en;
			hasScannedForEncodings = 0;
			knownRegions = (
				en,
				Base,
			);
			mainGroup = 335BBE712639580C003080DA;
			productRefGroup = 335BBE7B2639580C003080DA /* Products */;
			projectDirPath = "";
			projectRoot = "";
			targets = (
				335BBE792639580C003080DA /* Week3 */,
			);
		};
/* End PBXProject section */

/* Begin PBXResourcesBuildPhase section */
		335BBE782639580C003080DA /* Resources */ = {
			isa = PBXResourcesBuildPhase;
			buildActionMask = 2147483647;
			files = (
				335BBE8A2639580D003080DA /* LaunchScreen.storyboard in Resources */,
				335BBE872639580D003080DA /* Assets.xcassets in Resources */,
				335BBE852639580C003080DA /* Main.storyboard in Resources */,
			);
			runOnlyForDeploymentPostprocessing = 0;
		};
/* End PBXResourcesBuildPhase section */

/* Begin PBXSourcesBuildPhase section */
		335BBE762639580C003080DA /* Sources */ = {
			isa = PBXSourcesBuildPhase;
			buildActionMask = 2147483647;
			files = (
				335BBE822639580C003080DA /* ViewController.swift in Sources */,
				335BBE7E2639580C003080DA /* AppDelegate.swift in Sources */,
				335BBE802639580C003080DA /* SceneDelegate.swift in Sources */,
				3369FFC82645697F00BD8FF8 /* navigationFirstVC.swift in Sources */,
				3369FFCB264569C800BD8FF8 /* NavigationSecondVC.swift in Sources */,
			);
			runOnlyForDeploymentPostprocessing = 0;
		};
/* End PBXSourcesBuildPhase section */

/* Begin PBXVariantGroup section */
		335BBE832639580C003080DA /* Main.storyboard */ = {
			isa = PBXVariantGroup;
			children = (
				335BBE842639580C003080DA /* Base */,
			);
			name = Main.storyboard;
			sourceTree = "<group>";
		};
		335BBE882639580D003080DA /* LaunchScreen.storyboard */ = {
			isa = PBXVariantGroup;
			children = (
				335BBE892639580D003080DA /* Base */,
			);
			name = LaunchScreen.storyboard;
			sourceTree = "<group>";
		};
/* End PBXVariantGroup section */

/* Begin XCBuildConfiguration section */
		335BBE8C2639580D003080DA /* Debug */ = {
			isa = XCBuildConfiguration;
			buildSettings = {
				ALWAYS_SEARCH_USER_PATHS = NO;
				CLANG_ANALYZER_NONNULL = YES;
				CLANG_ANALYZER_NUMBER_OBJECT_CONVERSION = YES_AGGRESSIVE;
				CLANG_CXX_LANGUAGE_STANDARD = "gnu++14";
				CLANG_CXX_LIBRARY = "libc++";
				CLANG_ENABLE_MODULES = YES;
				CLANG_ENABLE_OBJC_ARC = YES;
				CLANG_ENABLE_OBJC_WEAK = YES;
				CLANG_WARN_BLOCK_CAPTURE_AUTORELEASING = YES;
				CLANG_WARN_BOOL_CONVERSION = YES;
				CLANG_WARN_COMMA = YES;
				CLANG_WARN_CONSTANT_CONVERSION = YES;
				CLANG_WARN_DEPRECATED_OBJC_IMPLEMENTATIONS = YES;
				CLANG_WARN_DIRECT_OBJC_ISA_USAGE = YES_ERROR;
				CLANG_WARN_DOCUMENTATION_COMMENTS = YES;
				CLANG_WARN_EMPTY_BODY = YES;
				CLANG_WARN_ENUM_CONVERSION = YES;
				CLANG_WARN_INFINITE_RECURSION = YES;
				CLANG_WARN_INT_CONVERSION = YES;
				CLANG_WARN_NON_LITERAL_NULL_CONVERSION = YES;
				CLANG_WARN_OBJC_IMPLICIT_RETAIN_SELF = YES;
				CLANG_WARN_OBJC_LITERAL_CONVERSION = YES;
				CLANG_WARN_OBJC_ROOT_CLASS = YES_ERROR;
				CLANG_WARN_QUOTED_INCLUDE_IN_FRAMEWORK_HEADER = YES;
				CLANG_WARN_RANGE_LOOP_ANALYSIS = YES;
				CLANG_WARN_STRICT_PROTOTYPES = YES;
				CLANG_WARN_SUSPICIOUS_MOVE = YES;
				CLANG_WARN_UNGUARDED_AVAILABILITY = YES_AGGRESSIVE;
				CLANG_WARN_UNREACHABLE_CODE = YES;
				CLANG_WARN__DUPLICATE_METHOD_MATCH = YES;
				COPY_PHASE_STRIP = NO;
				DEBUG_INFORMATION_FORMAT = dwarf;
				ENABLE_STRICT_OBJC_MSGSEND = YES;
				ENABLE_TESTABILITY = YES;
				GCC_C_LANGUAGE_STANDARD = gnu11;
				GCC_DYNAMIC_NO_PIC = NO;
				GCC_NO_COMMON_BLOCKS = YES;
				GCC_OPTIMIZATION_LEVEL = 0;
				GCC_PREPROCESSOR_DEFINITIONS = (
					"DEBUG=1",
					"$(inherited)",
				);
				GCC_WARN_64_TO_32_BIT_CONVERSION = YES;
				GCC_WARN_ABOUT_RETURN_TYPE = YES_ERROR;
				GCC_WARN_UNDECLARED_SELECTOR = YES;
				GCC_WARN_UNINITIALIZED_AUTOS = YES_AGGRESSIVE;
				GCC_WARN_UNUSED_FUNCTION = YES;
				GCC_WARN_UNUSED_VARIABLE = YES;
				IPHONEOS_DEPLOYMENT_TARGET = 14.4;
				MTL_ENABLE_DEBUG_INFO = INCLUDE_SOURCE;
				MTL_FAST_MATH = YES;
				ONLY_ACTIVE_ARCH = YES;
				SDKROOT = iphoneos;
				SWIFT_ACTIVE_COMPILATION_CONDITIONS = DEBUG;
				SWIFT_OPTIMIZATION_LEVEL = "-Onone";
			};
			name = Debug;
		};
		335BBE8D2639580D003080DA /* Release */ = {
			isa = XCBuildConfiguration;
			buildSettings = {
				ALWAYS_SEARCH_USER_PATHS = NO;
				CLANG_ANALYZER_NONNULL = YES;
				CLANG_ANALYZER_NUMBER_OBJECT_CONVERSION = YES_AGGRESSIVE;
				CLANG_CXX_LANGUAGE_STANDARD = "gnu++14";
				CLANG_CXX_LIBRARY = "libc++";
				CLANG_ENABLE_MODULES = YES;
				CLANG_ENABLE_OBJC_ARC = YES;
				CLANG_ENABLE_OBJC_WEAK = YES;
				CLANG_WARN_BLOCK_CAPTURE_AUTORELEASING = YES;
				CLANG_WARN_BOOL_CONVERSION = YES;
				CLANG_WARN_COMMA = YES;
				CLANG_WARN_CONSTANT_CONVERSION = YES;
				CLANG_WARN_DEPRECATED_OBJC_IMPLEMENTATIONS = YES;
				CLANG_WARN_DIRECT_OBJC_ISA_USAGE = YES_ERROR;
				CLANG_WARN_DOCUMENTATION_COMMENTS = YES;
				CLANG_WARN_EMPTY_BODY = YES;
				CLANG_WARN_ENUM_CONVERSION = YES;
				CLANG_WARN_INFINITE_RECURSION = YES;
				CLANG_WARN_INT_CONVERSION = YES;
				CLANG_WARN_NON_LITERAL_NULL_CONVERSION = YES;
				CLANG_WARN_OBJC_IMPLICIT_RETAIN_SELF = YES;
				CLANG_WARN_OBJC_LITERAL_CONVERSION = YES;
				CLANG_WARN_OBJC_ROOT_CLASS = YES_ERROR;
				CLANG_WARN_QUOTED_INCLUDE_IN_FRAMEWORK_HEADER = YES;
				CLANG_WARN_RANGE_LOOP_ANALYSIS = YES;
				CLANG_WARN_STRICT_PROTOTYPES = YES;
				CLANG_WARN_SUSPICIOUS_MOVE = YES;
				CLANG_WARN_UNGUARDED_AVAILABILITY = YES_AGGRESSIVE;
				CLANG_WARN_UNREACHABLE_CODE = YES;
				CLANG_WARN__DUPLICATE_METHOD_MATCH = YES;
				COPY_PHASE_STRIP = NO;
				DEBUG_INFORMATION_FORMAT = "dwarf-with-dsym";
				ENABLE_NS_ASSERTIONS = NO;
				ENABLE_STRICT_OBJC_MSGSEND = YES;
				GCC_C_LANGUAGE_STANDARD = gnu11;
				GCC_NO_COMMON_BLOCKS = YES;
				GCC_WARN_64_TO_32_BIT_CONVERSION = YES;
				GCC_WARN_ABOUT_RETURN_TYPE = YES_ERROR;
				GCC_WARN_UNDECLARED_SELECTOR = YES;
				GCC_WARN_UNINITIALIZED_AUTOS = YES_AGGRESSIVE;
				GCC_WARN_UNUSED_FUNCTION = YES;
				GCC_WARN_UNUSED_VARIABLE = YES;
				IPHONEOS_DEPLOYMENT_TARGET = 14.4;
				MTL_ENABLE_DEBUG_INFO = NO;
				MTL_FAST_MATH = YES;
				SDKROOT = iphoneos;
				SWIFT_COMPILATION_MODE = wholemodule;
				SWIFT_OPTIMIZATION_LEVEL = "-O";
				VALIDATE_PRODUCT = YES;
			};
			name = Release;
		};
		335BBE8F2639580D003080DA /* Debug */ = {
			isa = XCBuildConfiguration;
			buildSettings = {
				ASSETCATALOG_COMPILER_APPICON_NAME = AppIcon;
				ASSETCATALOG_COMPILER_GLOBAL_ACCENT_COLOR_NAME = AccentColor;
				CODE_SIGN_STYLE = Automatic;
				INFOPLIST_FILE = Week3/Info.plist;
				LD_RUNPATH_SEARCH_PATHS = (
					"$(inherited)",
					"@executable_path/Frameworks",
				);
				PRODUCT_BUNDLE_IDENTIFIER = com.iOS.practice.Week3;
				PRODUCT_NAME = "$(TARGET_NAME)";
				SWIFT_VERSION = 5.0;
				TARGETED_DEVICE_FAMILY = "1,2";
			};
			name = Debug;
		};
		335BBE902639580D003080DA /* Release */ = {
			isa = XCBuildConfiguration;
			buildSettings = {
				ASSETCATALOG_COMPILER_APPICON_NAME = AppIcon;
				ASSETCATALOG_COMPILER_GLOBAL_ACCENT_COLOR_NAME = AccentColor;
				CODE_SIGN_STYLE = Automatic;
				INFOPLIST_FILE = Week3/Info.plist;
				LD_RUNPATH_SEARCH_PATHS = (
					"$(inherited)",
					"@executable_path/Frameworks",
				);
				PRODUCT_BUNDLE_IDENTIFIER = com.iOS.practice.Week3;
				PRODUCT_NAME = "$(TARGET_NAME)";
				SWIFT_VERSION = 5.0;
				TARGETED_DEVICE_FAMILY = "1,2";
			};
			name = Release;
		};
/* End XCBuildConfiguration section */

/* Begin XCConfigurationList section */
		335BBE752639580C003080DA /* Build configuration list for PBXProject "Week3" */ = {
			isa = XCConfigurationList;
			buildConfigurations = (
				335BBE8C2639580D003080DA /* Debug */,
				335BBE8D2639580D003080DA /* Release */,
			);
			defaultConfigurationIsVisible = 0;
			defaultConfigurationName = Release;
		};
		335BBE8E2639580D003080DA /* Build configuration list for PBXNativeTarget "Week3" */ = {
			isa = XCConfigurationList;
			buildConfigurations = (
				335BBE8F2639580D003080DA /* Debug */,
				335BBE902639580D003080DA /* Release */,
			);
			defaultConfigurationIsVisible = 0;
			defaultConfigurationName = Release;
		};
/* End XCConfigurationList section */
	};
	rootObject = 335BBE722639580C003080DA /* Project object */;
}
